
Microsoft Visual Studio Solution File, Format Version 12.00
# Visual Studio Version 17
VisualStudioVersion = 17.3.32901.215
MinimumVisualStudioVersion = 10.0.40219.1
Project("{FAE04EC0-301F-11D3-BF4B-00C04F79EFBC}") = "Static class method constructor property", "Static class method constructor property.csproj", "{3D7107CB-475A-46C6-AA93-6DD3EB27D14B}"
EndProject
Global
	GlobalSection(SolutionConfigurationPlatforms) = preSolution
		Debug|Any CPU = Debug|Any CPU
		Release|Any CPU = Release|Any CPU
	EndGlobalSection
	GlobalSection(ProjectConfigurationPlatforms) = postSolution
		{3D7107CB-475A-46C6-AA93-6DD3EB27D14B}.Debug|Any CPU.ActiveCfg = Debug|Any CPU
		{3D7107CB-475A-46C6-AA93-6DD3EB27D14B}.Debug|Any CPU.Build.0 = Debug|Any CPU
		{3D7107CB-475A-46C6-AA93-6DD3EB27D14B}.Release|Any CPU.ActiveCfg = Release|Any CPU
		{3D7107CB-475A-46C6-AA93-6DD3EB27D14B}.Release|Any CPU.Build.0 = Release|Any CPU
	EndGlobalSection
	GlobalSection(SolutionProperties) = preSolution
		HideSolutionNode = FALSE
	EndGlobalSection
	GlobalSection(ExtensibilityGlobals) = postSolution
		SolutionGuid = {1E12D286-CF0E-45E2-B99A-AA722E8C6125}
	EndGlobalSection
EndGlobal
